// !$*UTF8*$!
{
	archiveVersion = 1;
	classes = {
	};
	objectVersion = 56;
	objects = {

/* Begin PBXBuildFile section */
		172ADA782BE568E500187C36 /* GoogleService-Info.plist in Resources */ = {isa = PBXBuildFile; fileRef = 172ADA772BE568E500187C36 /* GoogleService-Info.plist */; };
		172ADA7B2BE56BF000187C36 /* Nuke in Frameworks */ = {isa = PBXBuildFile; productRef = 172ADA7A2BE56BF000187C36 /* Nuke */; };
		172ADA7D2BE56BF000187C36 /* NukeUI in Frameworks */ = {isa = PBXBuildFile; productRef = 172ADA7C2BE56BF000187C36 /* NukeUI */; };
		172ADA802BE56C6500187C36 /* RegisterViewModel.swift in Sources */ = {isa = PBXBuildFile; fileRef = 172ADA7F2BE56C6500187C36 /* RegisterViewModel.swift */; };
		172ADA822BE56CA300187C36 /* User.swift in Sources */ = {isa = PBXBuildFile; fileRef = 172ADA812BE56CA300187C36 /* User.swift */; };
		172ADA852BE56CCA00187C36 /* LoginViewModel.swift in Sources */ = {isa = PBXBuildFile; fileRef = 172ADA842BE56CCA00187C36 /* LoginViewModel.swift */; };
		172ADA872BE56DEA00187C36 /* UserViewModel.swift in Sources */ = {isa = PBXBuildFile; fileRef = 172ADA862BE56DEA00187C36 /* UserViewModel.swift */; };
		172ADA892BE56ED800187C36 /* Home.swift in Sources */ = {isa = PBXBuildFile; fileRef = 172ADA882BE56ED800187C36 /* Home.swift */; };
		172ADA8B2BE56F5400187C36 /* TMDBDetailView.swift in Sources */ = {isa = PBXBuildFile; fileRef = 172ADA8A2BE56F5400187C36 /* TMDBDetailView.swift */; };
		172ADA8D2BE56FBB00187C36 /* MainView.swift in Sources */ = {isa = PBXBuildFile; fileRef = 172ADA8C2BE56FBB00187C36 /* MainView.swift */; };
		172ADA8F2BE5701E00187C36 /* UpcomingRow.swift in Sources */ = {isa = PBXBuildFile; fileRef = 172ADA8E2BE5701E00187C36 /* UpcomingRow.swift */; };
		1756B68D2BE5592F0043180A /* TMDB.swift in Sources */ = {isa = PBXBuildFile; fileRef = 1756B68C2BE5592F0043180A /* TMDB.swift */; };
		1756B68F2BE5599B0043180A /* TMDBViewModel.swift in Sources */ = {isa = PBXBuildFile; fileRef = 1756B68E2BE5599B0043180A /* TMDBViewModel.swift */; };
		1756B6922BE55A8A0043180A /* TMDBCardView.swift in Sources */ = {isa = PBXBuildFile; fileRef = 1756B6912BE55A8A0043180A /* TMDBCardView.swift */; };
		1756B6942BE55CA60043180A /* SearchViewModel.swift in Sources */ = {isa = PBXBuildFile; fileRef = 1756B6932BE55CA60043180A /* SearchViewModel.swift */; };
		1756B6972BE55EE50043180A /* SearchBar.swift in Sources */ = {isa = PBXBuildFile; fileRef = 1756B6962BE55EE50043180A /* SearchBar.swift */; };
		1756B69C2BE567920043180A /* FirebaseAuth in Frameworks */ = {isa = PBXBuildFile; productRef = 1756B69B2BE567920043180A /* FirebaseAuth */; };
		1756B69E2BE567920043180A /* FirebaseFirestore in Frameworks */ = {isa = PBXBuildFile; productRef = 1756B69D2BE567920043180A /* FirebaseFirestore */; };
		1756B6A02BE567920043180A /* FirebaseFirestoreSwift in Frameworks */ = {isa = PBXBuildFile; productRef = 1756B69F2BE567920043180A /* FirebaseFirestoreSwift */; };
		1756B6A22BE567920043180A /* FirebaseStorage in Frameworks */ = {isa = PBXBuildFile; productRef = 1756B6A12BE567920043180A /* FirebaseStorage */; };
		1792A9632BE57174000443A4 /* AccountOptionButton.swift in Sources */ = {isa = PBXBuildFile; fileRef = 1792A9622BE57174000443A4 /* AccountOptionButton.swift */; };
		1792A9652BE571E4000443A4 /* AccountView.swift in Sources */ = {isa = PBXBuildFile; fileRef = 1792A9642BE571E4000443A4 /* AccountView.swift */; };
		1792A9672BE5727B000443A4 /* LoadingView.swift in Sources */ = {isa = PBXBuildFile; fileRef = 1792A9662BE5727B000443A4 /* LoadingView.swift */; };
		1792A9692BE572BF000443A4 /* RegisterView.swift in Sources */ = {isa = PBXBuildFile; fileRef = 1792A9682BE572BF000443A4 /* RegisterView.swift */; };
		1792A96B2BE573A4000443A4 /* LoginView.swift in Sources */ = {isa = PBXBuildFile; fileRef = 1792A96A2BE573A4000443A4 /* LoginView.swift */; };
		1792A96E2BE5746A000443A4 /* FavoritesView.swift in Sources */ = {isa = PBXBuildFile; fileRef = 1792A96D2BE5746A000443A4 /* FavoritesView.swift */; };
		1792A9702BE575DB000443A4 /* Airing.swift in Sources */ = {isa = PBXBuildFile; fileRef = 1792A96F2BE575DB000443A4 /* Airing.swift */; };
		1792A9742BE576EA000443A4 /* UpcomingView.swift in Sources */ = {isa = PBXBuildFile; fileRef = 1792A9732BE576EA000443A4 /* UpcomingView.swift */; };
		1792A9762BE57714000443A4 /* SearchView.swift in Sources */ = {isa = PBXBuildFile; fileRef = 1792A9752BE57714000443A4 /* SearchView.swift */; };
		17FA8EF22BE550B0008C7491 /* BaranApp.swift in Sources */ = {isa = PBXBuildFile; fileRef = 17FA8EF12BE550B0008C7491 /* BaranApp.swift */; };
		17FA8EF42BE550B0008C7491 /* ContentView.swift in Sources */ = {isa = PBXBuildFile; fileRef = 17FA8EF32BE550B0008C7491 /* ContentView.swift */; };
		17FA8EF62BE550B1008C7491 /* Assets.xcassets in Resources */ = {isa = PBXBuildFile; fileRef = 17FA8EF52BE550B1008C7491 /* Assets.xcassets */; };
		17FA8EF92BE550B1008C7491 /* Preview Assets.xcassets in Resources */ = {isa = PBXBuildFile; fileRef = 17FA8EF82BE550B1008C7491 /* Preview Assets.xcassets */; };
		17FA8F032BE550B1008C7491 /* BaranTests.swift in Sources */ = {isa = PBXBuildFile; fileRef = 17FA8F022BE550B1008C7491 /* BaranTests.swift */; };
		17FA8F0D2BE550B1008C7491 /* BaranUITests.swift in Sources */ = {isa = PBXBuildFile; fileRef = 17FA8F0C2BE550B1008C7491 /* BaranUITests.swift */; };
		17FA8F0F2BE550B1008C7491 /* BaranUITestsLaunchTests.swift in Sources */ = {isa = PBXBuildFile; fileRef = 17FA8F0E2BE550B1008C7491 /* BaranUITestsLaunchTests.swift */; };
		17FA8F222BE55866008C7491 /* HomeView.swift in Sources */ = {isa = PBXBuildFile; fileRef = 17FA8F212BE55866008C7491 /* HomeView.swift */; };
/* End PBXBuildFile section */

/* Begin PBXContainerItemProxy section */
		17FA8EFF2BE550B1008C7491 /* PBXContainerItemProxy */ = {
			isa = PBXContainerItemProxy;
			containerPortal = 17FA8EE62BE550B0008C7491 /* Project object */;
			proxyType = 1;
			remoteGlobalIDString = 17FA8EED2BE550B0008C7491;
			remoteInfo = Baran;
		};
		17FA8F092BE550B1008C7491 /* PBXContainerItemProxy */ = {
			isa = PBXContainerItemProxy;
			containerPortal = 17FA8EE62BE550B0008C7491 /* Project object */;
			proxyType = 1;
			remoteGlobalIDString = 17FA8EED2BE550B0008C7491;
			remoteInfo = Baran;
		};
/* End PBXContainerItemProxy section */

/* Begin PBXFileReference section */
		172ADA772BE568E500187C36 /* GoogleService-Info.plist */ = {isa = PBXFileReference; fileEncoding = 4; lastKnownFileType = text.plist.xml; path = "GoogleService-Info.plist"; sourceTree = "<group>"; };
		172ADA7F2BE56C6500187C36 /* RegisterViewModel.swift */ = {isa = PBXFileReference; lastKnownFileType = sourcecode.swift; path = RegisterViewModel.swift; sourceTree = "<group>"; };
		172ADA812BE56CA300187C36 /* User.swift */ = {isa = PBXFileReference; lastKnownFileType = sourcecode.swift; path = User.swift; sourceTree = "<group>"; };
		172ADA842BE56CCA00187C36 /* LoginViewModel.swift */ = {isa = PBXFileReference; lastKnownFileType = sourcecode.swift; path = LoginViewModel.swift; sourceTree = "<group>"; };
		172ADA862BE56DEA00187C36 /* UserViewModel.swift */ = {isa = PBXFileReference; lastKnownFileType = sourcecode.swift; path = UserViewModel.swift; sourceTree = "<group>"; };
		172ADA882BE56ED800187C36 /* Home.swift */ = {isa = PBXFileReference; lastKnownFileType = sourcecode.swift; path = Home.swift; sourceTree = "<group>"; };
		172ADA8A2BE56F5400187C36 /* TMDBDetailView.swift */ = {isa = PBXFileReference; lastKnownFileType = sourcecode.swift; path = TMDBDetailView.swift; sourceTree = "<group>"; };
		172ADA8C2BE56FBB00187C36 /* MainView.swift */ = {isa = PBXFileReference; lastKnownFileType = sourcecode.swift; path = MainView.swift; sourceTree = "<group>"; };
		172ADA8E2BE5701E00187C36 /* UpcomingRow.swift */ = {isa = PBXFileReference; lastKnownFileType = sourcecode.swift; path = UpcomingRow.swift; sourceTree = "<group>"; };
		1756B68C2BE5592F0043180A /* TMDB.swift */ = {isa = PBXFileReference; lastKnownFileType = sourcecode.swift; path = TMDB.swift; sourceTree = "<group>"; };
		1756B68E2BE5599B0043180A /* TMDBViewModel.swift */ = {isa = PBXFileReference; lastKnownFileType = sourcecode.swift; path = TMDBViewModel.swift; sourceTree = "<group>"; };
		1756B6912BE55A8A0043180A /* TMDBCardView.swift */ = {isa = PBXFileReference; lastKnownFileType = sourcecode.swift; path = TMDBCardView.swift; sourceTree = "<group>"; };
		1756B6932BE55CA60043180A /* SearchViewModel.swift */ = {isa = PBXFileReference; lastKnownFileType = sourcecode.swift; path = SearchViewModel.swift; sourceTree = "<group>"; };
		1756B6962BE55EE50043180A /* SearchBar.swift */ = {isa = PBXFileReference; lastKnownFileType = sourcecode.swift; path = SearchBar.swift; sourceTree = "<group>"; };
		1792A9622BE57174000443A4 /* AccountOptionButton.swift */ = {isa = PBXFileReference; lastKnownFileType = sourcecode.swift; path = AccountOptionButton.swift; sourceTree = "<group>"; };
		1792A9642BE571E4000443A4 /* AccountView.swift */ = {isa = PBXFileReference; lastKnownFileType = sourcecode.swift; path = AccountView.swift; sourceTree = "<group>"; };
		1792A9662BE5727B000443A4 /* LoadingView.swift */ = {isa = PBXFileReference; lastKnownFileType = sourcecode.swift; path = LoadingView.swift; sourceTree = "<group>"; };
		1792A9682BE572BF000443A4 /* RegisterView.swift */ = {isa = PBXFileReference; lastKnownFileType = sourcecode.swift; path = RegisterView.swift; sourceTree = "<group>"; };
		1792A96A2BE573A4000443A4 /* LoginView.swift */ = {isa = PBXFileReference; lastKnownFileType = sourcecode.swift; path = LoginView.swift; sourceTree = "<group>"; };
		1792A96D2BE5746A000443A4 /* FavoritesView.swift */ = {isa = PBXFileReference; lastKnownFileType = sourcecode.swift; path = FavoritesView.swift; sourceTree = "<group>"; };
		1792A96F2BE575DB000443A4 /* Airing.swift */ = {isa = PBXFileReference; lastKnownFileType = sourcecode.swift; path = Airing.swift; sourceTree = "<group>"; };
		1792A9732BE576EA000443A4 /* UpcomingView.swift */ = {isa = PBXFileReference; lastKnownFileType = sourcecode.swift; path = UpcomingView.swift; sourceTree = "<group>"; };
		1792A9752BE57714000443A4 /* SearchView.swift */ = {isa = PBXFileReference; lastKnownFileType = sourcecode.swift; path = SearchView.swift; sourceTree = "<group>"; };
		17FA8EEE2BE550B0008C7491 /* Baran.app */ = {isa = PBXFileReference; explicitFileType = wrapper.application; includeInIndex = 0; path = Baran.app; sourceTree = BUILT_PRODUCTS_DIR; };
		17FA8EF12BE550B0008C7491 /* BaranApp.swift */ = {isa = PBXFileReference; lastKnownFileType = sourcecode.swift; path = BaranApp.swift; sourceTree = "<group>"; };
		17FA8EF32BE550B0008C7491 /* ContentView.swift */ = {isa = PBXFileReference; lastKnownFileType = sourcecode.swift; path = ContentView.swift; sourceTree = "<group>"; };
		17FA8EF52BE550B1008C7491 /* Assets.xcassets */ = {isa = PBXFileReference; lastKnownFileType = folder.assetcatalog; path = Assets.xcassets; sourceTree = "<group>"; };
		17FA8EF82BE550B1008C7491 /* Preview Assets.xcassets */ = {isa = PBXFileReference; lastKnownFileType = folder.assetcatalog; path = "Preview Assets.xcassets"; sourceTree = "<group>"; };
		17FA8EFE2BE550B1008C7491 /* BaranTests.xctest */ = {isa = PBXFileReference; explicitFileType = wrapper.cfbundle; includeInIndex = 0; path = BaranTests.xctest; sourceTree = BUILT_PRODUCTS_DIR; };
		17FA8F022BE550B1008C7491 /* BaranTests.swift */ = {isa = PBXFileReference; lastKnownFileType = sourcecode.swift; path = BaranTests.swift; sourceTree = "<group>"; };
		17FA8F082BE550B1008C7491 /* BaranUITests.xctest */ = {isa = PBXFileReference; explicitFileType = wrapper.cfbundle; includeInIndex = 0; path = BaranUITests.xctest; sourceTree = BUILT_PRODUCTS_DIR; };
		17FA8F0C2BE550B1008C7491 /* BaranUITests.swift */ = {isa = PBXFileReference; lastKnownFileType = sourcecode.swift; path = BaranUITests.swift; sourceTree = "<group>"; };
		17FA8F0E2BE550B1008C7491 /* BaranUITestsLaunchTests.swift */ = {isa = PBXFileReference; lastKnownFileType = sourcecode.swift; path = BaranUITestsLaunchTests.swift; sourceTree = "<group>"; };
		17FA8F212BE55866008C7491 /* HomeView.swift */ = {isa = PBXFileReference; lastKnownFileType = sourcecode.swift; path = HomeView.swift; sourceTree = "<group>"; };
/* End PBXFileReference section */

/* Begin PBXFrameworksBuildPhase section */
		17FA8EEB2BE550B0008C7491 /* Frameworks */ = {
			isa = PBXFrameworksBuildPhase;
			buildActionMask = 2147483647;
			files = (
				1756B69C2BE567920043180A /* FirebaseAuth in Frameworks */,
				1756B6A22BE567920043180A /* FirebaseStorage in Frameworks */,
				1756B69E2BE567920043180A /* FirebaseFirestore in Frameworks */,
				172ADA7D2BE56BF000187C36 /* NukeUI in Frameworks */,
				1756B6A02BE567920043180A /* FirebaseFirestoreSwift in Frameworks */,
				172ADA7B2BE56BF000187C36 /* Nuke in Frameworks */,
			);
			runOnlyForDeploymentPostprocessing = 0;
		};
		17FA8EFB2BE550B1008C7491 /* Frameworks */ = {
			isa = PBXFrameworksBuildPhase;
			buildActionMask = 2147483647;
			files = (
			);
			runOnlyForDeploymentPostprocessing = 0;
		};
		17FA8F052BE550B1008C7491 /* Frameworks */ = {
			isa = PBXFrameworksBuildPhase;
			buildActionMask = 2147483647;
			files = (
			);
			runOnlyForDeploymentPostprocessing = 0;
		};
/* End PBXFrameworksBuildPhase section */

/* Begin PBXGroup section */
		172ADA7E2BE56C5800187C36 /* Register */ = {
			isa = PBXGroup;
			children = (
				1792A9682BE572BF000443A4 /* RegisterView.swift */,
				172ADA7F2BE56C6500187C36 /* RegisterViewModel.swift */,
			);
			path = Register;
			sourceTree = "<group>";
		};
		172ADA832BE56CC100187C36 /* Login */ = {
			isa = PBXGroup;
			children = (
				172ADA842BE56CCA00187C36 /* LoginViewModel.swift */,
				1792A96A2BE573A4000443A4 /* LoginView.swift */,
			);
			path = Login;
			sourceTree = "<group>";
		};
		1756B6902BE55A5F0043180A /* Components */ = {
			isa = PBXGroup;
			children = (
				1756B6912BE55A8A0043180A /* TMDBCardView.swift */,
				172ADA8E2BE5701E00187C36 /* UpcomingRow.swift */,
				1792A9662BE5727B000443A4 /* LoadingView.swift */,
				1792A96F2BE575DB000443A4 /* Airing.swift */,
			);
			path = Components;
			sourceTree = "<group>";
		};
		1756B6952BE55EDA0043180A /* Components */ = {
			isa = PBXGroup;
			children = (
				1756B6962BE55EE50043180A /* SearchBar.swift */,
			);
			path = Components;
			sourceTree = "<group>";
		};
		1792A9612BE57145000443A4 /* Account */ = {
			isa = PBXGroup;
			children = (
				1792A9622BE57174000443A4 /* AccountOptionButton.swift */,
				1792A9642BE571E4000443A4 /* AccountView.swift */,
			);
			path = Account;
			sourceTree = "<group>";
		};
		1792A96C2BE57454000443A4 /* Favorites */ = {
			isa = PBXGroup;
			children = (
				1792A96D2BE5746A000443A4 /* FavoritesView.swift */,
			);
			path = Favorites;
			sourceTree = "<group>";
		};
		1792A9712BE576CB000443A4 /* TMDBDeclinaison */ = {
			isa = PBXGroup;
			children = (
				1792A9732BE576EA000443A4 /* UpcomingView.swift */,
			);
			path = TMDBDeclinaison;
			sourceTree = "<group>";
		};
		17FA8EE52BE550B0008C7491 = {
			isa = PBXGroup;
			children = (
				17FA8EF02BE550B0008C7491 /* Baran */,
				17FA8F012BE550B1008C7491 /* BaranTests */,
				17FA8F0B2BE550B1008C7491 /* BaranUITests */,
				17FA8EEF2BE550B0008C7491 /* Products */,
			);
			sourceTree = "<group>";
		};
		17FA8EEF2BE550B0008C7491 /* Products */ = {
			isa = PBXGroup;
			children = (
				17FA8EEE2BE550B0008C7491 /* Baran.app */,
				17FA8EFE2BE550B1008C7491 /* BaranTests.xctest */,
				17FA8F082BE550B1008C7491 /* BaranUITests.xctest */,
			);
			name = Products;
			sourceTree = "<group>";
		};
		17FA8EF02BE550B0008C7491 /* Baran */ = {
			isa = PBXGroup;
			children = (
				172ADA772BE568E500187C36 /* GoogleService-Info.plist */,
				17FA8F1B2BE552D5008C7491 /* Scenes */,
				17FA8EF12BE550B0008C7491 /* BaranApp.swift */,
				17FA8EF32BE550B0008C7491 /* ContentView.swift */,
				17FA8EF52BE550B1008C7491 /* Assets.xcassets */,
				17FA8EF72BE550B1008C7491 /* Preview Content */,
			);
			path = Baran;
			sourceTree = "<group>";
		};
		17FA8EF72BE550B1008C7491 /* Preview Content */ = {
			isa = PBXGroup;
			children = (
				17FA8EF82BE550B1008C7491 /* Preview Assets.xcassets */,
			);
			path = "Preview Content";
			sourceTree = "<group>";
		};
		17FA8F012BE550B1008C7491 /* BaranTests */ = {
			isa = PBXGroup;
			children = (
				17FA8F022BE550B1008C7491 /* BaranTests.swift */,
			);
			path = BaranTests;
			sourceTree = "<group>";
		};
		17FA8F0B2BE550B1008C7491 /* BaranUITests */ = {
			isa = PBXGroup;
			children = (
				17FA8F0C2BE550B1008C7491 /* BaranUITests.swift */,
				17FA8F0E2BE550B1008C7491 /* BaranUITestsLaunchTests.swift */,
			);
			path = BaranUITests;
			sourceTree = "<group>";
		};
		17FA8F1B2BE552D5008C7491 /* Scenes */ = {
			isa = PBXGroup;
			children = (
				17FA8F202BE55858008C7491 /* Home */,
				17FA8F1F2BE55444008C7491 /* Search */,
				17FA8F1E2BE553C3008C7491 /* TMDB */,
				17FA8F1D2BE55350008C7491 /* Auth */,
				17FA8F1C2BE55343008C7491 /* User */,
				172ADA8C2BE56FBB00187C36 /* MainView.swift */,
			);
			path = Scenes;
			sourceTree = "<group>";
		};
		17FA8F1C2BE55343008C7491 /* User */ = {
			isa = PBXGroup;
			children = (
				1792A96C2BE57454000443A4 /* Favorites */,
				1792A9612BE57145000443A4 /* Account */,
				172ADA812BE56CA300187C36 /* User.swift */,
				172ADA862BE56DEA00187C36 /* UserViewModel.swift */,
			);
			path = User;
			sourceTree = "<group>";
		};
		17FA8F1D2BE55350008C7491 /* Auth */ = {
			isa = PBXGroup;
			children = (
				172ADA832BE56CC100187C36 /* Login */,
				172ADA7E2BE56C5800187C36 /* Register */,
			);
			path = Auth;
			sourceTree = "<group>";
		};
		17FA8F1E2BE553C3008C7491 /* TMDB */ = {
			isa = PBXGroup;
			children = (
				1792A9712BE576CB000443A4 /* TMDBDeclinaison */,
				1756B6902BE55A5F0043180A /* Components */,
				1756B68C2BE5592F0043180A /* TMDB.swift */,
				1756B68E2BE5599B0043180A /* TMDBViewModel.swift */,
				172ADA8A2BE56F5400187C36 /* TMDBDetailView.swift */,
			);
			path = TMDB;
			sourceTree = "<group>";
		};
		17FA8F1F2BE55444008C7491 /* Search */ = {
			isa = PBXGroup;
			children = (
				1756B6952BE55EDA0043180A /* Components */,
				1756B6932BE55CA60043180A /* SearchViewModel.swift */,
				1792A9752BE57714000443A4 /* SearchView.swift */,
			);
			path = Search;
			sourceTree = "<group>";
		};
		17FA8F202BE55858008C7491 /* Home */ = {
			isa = PBXGroup;
			children = (
				17FA8F212BE55866008C7491 /* HomeView.swift */,
				172ADA882BE56ED800187C36 /* Home.swift */,
			);
			path = Home;
			sourceTree = "<group>";
		};
/* End PBXGroup section */

/* Begin PBXNativeTarget section */
		17FA8EED2BE550B0008C7491 /* Baran */ = {
			isa = PBXNativeTarget;
			buildConfigurationList = 17FA8F122BE550B1008C7491 /* Build configuration list for PBXNativeTarget "Baran" */;
			buildPhases = (
				17FA8EEA2BE550B0008C7491 /* Sources */,
				17FA8EEB2BE550B0008C7491 /* Frameworks */,
				17FA8EEC2BE550B0008C7491 /* Resources */,
			);
			buildRules = (
			);
			dependencies = (
			);
			name = Baran;
			packageProductDependencies = (
				1756B69B2BE567920043180A /* FirebaseAuth */,
				1756B69D2BE567920043180A /* FirebaseFirestore */,
				1756B69F2BE567920043180A /* FirebaseFirestoreSwift */,
				1756B6A12BE567920043180A /* FirebaseStorage */,
				172ADA7A2BE56BF000187C36 /* Nuke */,
				172ADA7C2BE56BF000187C36 /* NukeUI */,
			);
			productName = Baran;
			productReference = 17FA8EEE2BE550B0008C7491 /* Baran.app */;
			productType = "com.apple.product-type.application";
		};
		17FA8EFD2BE550B1008C7491 /* BaranTests */ = {
			isa = PBXNativeTarget;
			buildConfigurationList = 17FA8F152BE550B1008C7491 /* Build configuration list for PBXNativeTarget "BaranTests" */;
			buildPhases = (
				17FA8EFA2BE550B1008C7491 /* Sources */,
				17FA8EFB2BE550B1008C7491 /* Frameworks */,
				17FA8EFC2BE550B1008C7491 /* Resources */,
			);
			buildRules = (
			);
			dependencies = (
				17FA8F002BE550B1008C7491 /* PBXTargetDependency */,
			);
			name = BaranTests;
			productName = BaranTests;
			productReference = 17FA8EFE2BE550B1008C7491 /* BaranTests.xctest */;
			productType = "com.apple.product-type.bundle.unit-test";
		};
		17FA8F072BE550B1008C7491 /* BaranUITests */ = {
			isa = PBXNativeTarget;
			buildConfigurationList = 17FA8F182BE550B1008C7491 /* Build configuration list for PBXNativeTarget "BaranUITests" */;
			buildPhases = (
				17FA8F042BE550B1008C7491 /* Sources */,
				17FA8F052BE550B1008C7491 /* Frameworks */,
				17FA8F062BE550B1008C7491 /* Resources */,
			);
			buildRules = (
			);
			dependencies = (
				17FA8F0A2BE550B1008C7491 /* PBXTargetDependency */,
			);
			name = BaranUITests;
			productName = BaranUITests;
			productReference = 17FA8F082BE550B1008C7491 /* BaranUITests.xctest */;
			productType = "com.apple.product-type.bundle.ui-testing";
		};
/* End PBXNativeTarget section */

/* Begin PBXProject section */
		17FA8EE62BE550B0008C7491 /* Project object */ = {
			isa = PBXProject;
			attributes = {
				BuildIndependentTargetsInParallel = 1;
				LastSwiftUpdateCheck = 1530;
				LastUpgradeCheck = 1530;
				TargetAttributes = {
					17FA8EED2BE550B0008C7491 = {
						CreatedOnToolsVersion = 15.3;
					};
					17FA8EFD2BE550B1008C7491 = {
						CreatedOnToolsVersion = 15.3;
						TestTargetID = 17FA8EED2BE550B0008C7491;
					};
					17FA8F072BE550B1008C7491 = {
						CreatedOnToolsVersion = 15.3;
						TestTargetID = 17FA8EED2BE550B0008C7491;
					};
				};
			};
			buildConfigurationList = 17FA8EE92BE550B0008C7491 /* Build configuration list for PBXProject "Baran" */;
			compatibilityVersion = "Xcode 14.0";
			developmentRegion = en;
			hasScannedForEncodings = 0;
			knownRegions = (
				en,
				Base,
			);
			mainGroup = 17FA8EE52BE550B0008C7491;
			packageReferences = (
				1756B69A2BE567920043180A /* XCRemoteSwiftPackageReference "firebase-ios-sdk" */,
				172ADA792BE56BF000187C36 /* XCRemoteSwiftPackageReference "Nuke" */,
			);
			productRefGroup = 17FA8EEF2BE550B0008C7491 /* Products */;
			projectDirPath = "";
			projectRoot = "";
			targets = (
				17FA8EED2BE550B0008C7491 /* Baran */,
				17FA8EFD2BE550B1008C7491 /* BaranTests */,
				17FA8F072BE550B1008C7491 /* BaranUITests */,
			);
		};
/* End PBXProject section */

/* Begin PBXResourcesBuildPhase section */
		17FA8EEC2BE550B0008C7491 /* Resources */ = {
			isa = PBXResourcesBuildPhase;
			buildActionMask = 2147483647;
			files = (
				17FA8EF92BE550B1008C7491 /* Preview Assets.xcassets in Resources */,
				17FA8EF62BE550B1008C7491 /* Assets.xcassets in Resources */,
				172ADA782BE568E500187C36 /* GoogleService-Info.plist in Resources */,
			);
			runOnlyForDeploymentPostprocessing = 0;
		};
		17FA8EFC2BE550B1008C7491 /* Resources */ = {
			isa = PBXResourcesBuildPhase;
			buildActionMask = 2147483647;
			files = (
			);
			runOnlyForDeploymentPostprocessing = 0;
		};
		17FA8F062BE550B1008C7491 /* Resources */ = {
			isa = PBXResourcesBuildPhase;
			buildActionMask = 2147483647;
			files = (
			);
			runOnlyForDeploymentPostprocessing = 0;
		};
/* End PBXResourcesBuildPhase section */

/* Begin PBXSourcesBuildPhase section */
		17FA8EEA2BE550B0008C7491 /* Sources */ = {
			isa = PBXSourcesBuildPhase;
			buildActionMask = 2147483647;
			files = (
				1792A96E2BE5746A000443A4 /* FavoritesView.swift in Sources */,
				172ADA8B2BE56F5400187C36 /* TMDBDetailView.swift in Sources */,
				1792A9742BE576EA000443A4 /* UpcomingView.swift in Sources */,
				1756B6922BE55A8A0043180A /* TMDBCardView.swift in Sources */,
				172ADA872BE56DEA00187C36 /* UserViewModel.swift in Sources */,
				1756B6942BE55CA60043180A /* SearchViewModel.swift in Sources */,
				172ADA852BE56CCA00187C36 /* LoginViewModel.swift in Sources */,
				1792A9632BE57174000443A4 /* AccountOptionButton.swift in Sources */,
				1792A9652BE571E4000443A4 /* AccountView.swift in Sources */,
				1756B68D2BE5592F0043180A /* TMDB.swift in Sources */,
				172ADA8F2BE5701E00187C36 /* UpcomingRow.swift in Sources */,
				17FA8F222BE55866008C7491 /* HomeView.swift in Sources */,
				172ADA892BE56ED800187C36 /* Home.swift in Sources */,
				1756B68F2BE5599B0043180A /* TMDBViewModel.swift in Sources */,
				1756B6972BE55EE50043180A /* SearchBar.swift in Sources */,
				1792A9762BE57714000443A4 /* SearchView.swift in Sources */,
				17FA8EF42BE550B0008C7491 /* ContentView.swift in Sources */,
				172ADA802BE56C6500187C36 /* RegisterViewModel.swift in Sources */,
				1792A9702BE575DB000443A4 /* Airing.swift in Sources */,
				1792A96B2BE573A4000443A4 /* LoginView.swift in Sources */,
				172ADA822BE56CA300187C36 /* User.swift in Sources */,
				172ADA8D2BE56FBB00187C36 /* MainView.swift in Sources */,
				1792A9672BE5727B000443A4 /* LoadingView.swift in Sources */,
				1792A9692BE572BF000443A4 /* RegisterView.swift in Sources */,
				17FA8EF22BE550B0008C7491 /* BaranApp.swift in Sources */,
			);
			runOnlyForDeploymentPostprocessing = 0;
		};
		17FA8EFA2BE550B1008C7491 /* Sources */ = {
			isa = PBXSourcesBuildPhase;
			buildActionMask = 2147483647;
			files = (
				17FA8F032BE550B1008C7491 /* BaranTests.swift in Sources */,
			);
			runOnlyForDeploymentPostprocessing = 0;
		};
		17FA8F042BE550B1008C7491 /* Sources */ = {
			isa = PBXSourcesBuildPhase;
			buildActionMask = 2147483647;
			files = (
				17FA8F0D2BE550B1008C7491 /* BaranUITests.swift in Sources */,
				17FA8F0F2BE550B1008C7491 /* BaranUITestsLaunchTests.swift in Sources */,
			);
			runOnlyForDeploymentPostprocessing = 0;
		};
/* End PBXSourcesBuildPhase section */

/* Begin PBXTargetDependency section */
		17FA8F002BE550B1008C7491 /* PBXTargetDependency */ = {
			isa = PBXTargetDependency;
			target = 17FA8EED2BE550B0008C7491 /* Baran */;
			targetProxy = 17FA8EFF2BE550B1008C7491 /* PBXContainerItemProxy */;
		};
		17FA8F0A2BE550B1008C7491 /* PBXTargetDependency */ = {
			isa = PBXTargetDependency;
			target = 17FA8EED2BE550B0008C7491 /* Baran */;
			targetProxy = 17FA8F092BE550B1008C7491 /* PBXContainerItemProxy */;
		};
/* End PBXTargetDependency section */

/* Begin XCBuildConfiguration section */
		17FA8F102BE550B1008C7491 /* Debug */ = {
			isa = XCBuildConfiguration;
			buildSettings = {
				ALWAYS_SEARCH_USER_PATHS = NO;
				ASSETCATALOG_COMPILER_GENERATE_SWIFT_ASSET_SYMBOL_EXTENSIONS = YES;
				CLANG_ANALYZER_NONNULL = YES;
				CLANG_ANALYZER_NUMBER_OBJECT_CONVERSION = YES_AGGRESSIVE;
				CLANG_CXX_LANGUAGE_STANDARD = "gnu++20";
				CLANG_ENABLE_MODULES = YES;
				CLANG_ENABLE_OBJC_ARC = YES;
				CLANG_ENABLE_OBJC_WEAK = YES;
				CLANG_WARN_BLOCK_CAPTURE_AUTORELEASING = YES;
				CLANG_WARN_BOOL_CONVERSION = YES;
				CLANG_WARN_COMMA = YES;
				CLANG_WARN_CONSTANT_CONVERSION = YES;
				CLANG_WARN_DEPRECATED_OBJC_IMPLEMENTATIONS = YES;
				CLANG_WARN_DIRECT_OBJC_ISA_USAGE = YES_ERROR;
				CLANG_WARN_DOCUMENTATION_COMMENTS = YES;
				CLANG_WARN_EMPTY_BODY = YES;
				CLANG_WARN_ENUM_CONVERSION = YES;
				CLANG_WARN_INFINITE_RECURSION = YES;
				CLANG_WARN_INT_CONVERSION = YES;
				CLANG_WARN_NON_LITERAL_NULL_CONVERSION = YES;
				CLANG_WARN_OBJC_IMPLICIT_RETAIN_SELF = YES;
				CLANG_WARN_OBJC_LITERAL_CONVERSION = YES;
				CLANG_WARN_OBJC_ROOT_CLASS = YES_ERROR;
				CLANG_WARN_QUOTED_INCLUDE_IN_FRAMEWORK_HEADER = YES;
				CLANG_WARN_RANGE_LOOP_ANALYSIS = YES;
				CLANG_WARN_STRICT_PROTOTYPES = YES;
				CLANG_WARN_SUSPICIOUS_MOVE = YES;
				CLANG_WARN_UNGUARDED_AVAILABILITY = YES_AGGRESSIVE;
				CLANG_WARN_UNREACHABLE_CODE = YES;
				CLANG_WARN__DUPLICATE_METHOD_MATCH = YES;
				COPY_PHASE_STRIP = NO;
				DEBUG_INFORMATION_FORMAT = dwarf;
				ENABLE_STRICT_OBJC_MSGSEND = YES;
				ENABLE_TESTABILITY = YES;
				ENABLE_USER_SCRIPT_SANDBOXING = YES;
				GCC_C_LANGUAGE_STANDARD = gnu17;
				GCC_DYNAMIC_NO_PIC = NO;
				GCC_NO_COMMON_BLOCKS = YES;
				GCC_OPTIMIZATION_LEVEL = 0;
				GCC_PREPROCESSOR_DEFINITIONS = (
					"DEBUG=1",
					"$(inherited)",
				);
				GCC_WARN_64_TO_32_BIT_CONVERSION = YES;
				GCC_WARN_ABOUT_RETURN_TYPE = YES_ERROR;
				GCC_WARN_UNDECLARED_SELECTOR = YES;
				GCC_WARN_UNINITIALIZED_AUTOS = YES_AGGRESSIVE;
				GCC_WARN_UNUSED_FUNCTION = YES;
				GCC_WARN_UNUSED_VARIABLE = YES;
				IPHONEOS_DEPLOYMENT_TARGET = 17.4;
				LOCALIZATION_PREFERS_STRING_CATALOGS = YES;
				MTL_ENABLE_DEBUG_INFO = INCLUDE_SOURCE;
				MTL_FAST_MATH = YES;
				ONLY_ACTIVE_ARCH = YES;
				SDKROOT = iphoneos;
				SWIFT_ACTIVE_COMPILATION_CONDITIONS = "DEBUG $(inherited)";
				SWIFT_OPTIMIZATION_LEVEL = "-Onone";
			};
			name = Debug;
		};
		17FA8F112BE550B1008C7491 /* Release */ = {
			isa = XCBuildConfiguration;
			buildSettings = {
				ALWAYS_SEARCH_USER_PATHS = NO;
				ASSETCATALOG_COMPILER_GENERATE_SWIFT_ASSET_SYMBOL_EXTENSIONS = YES;
				CLANG_ANALYZER_NONNULL = YES;
				CLANG_ANALYZER_NUMBER_OBJECT_CONVERSION = YES_AGGRESSIVE;
				CLANG_CXX_LANGUAGE_STANDARD = "gnu++20";
				CLANG_ENABLE_MODULES = YES;
				CLANG_ENABLE_OBJC_ARC = YES;
				CLANG_ENABLE_OBJC_WEAK = YES;
				CLANG_WARN_BLOCK_CAPTURE_AUTORELEASING = YES;
				CLANG_WARN_BOOL_CONVERSION = YES;
				CLANG_WARN_COMMA = YES;
				CLANG_WARN_CONSTANT_CONVERSION = YES;
				CLANG_WARN_DEPRECATED_OBJC_IMPLEMENTATIONS = YES;
				CLANG_WARN_DIRECT_OBJC_ISA_USAGE = YES_ERROR;
				CLANG_WARN_DOCUMENTATION_COMMENTS = YES;
				CLANG_WARN_EMPTY_BODY = YES;
				CLANG_WARN_ENUM_CONVERSION = YES;
				CLANG_WARN_INFINITE_RECURSION = YES;
				CLANG_WARN_INT_CONVERSION = YES;
				CLANG_WARN_NON_LITERAL_NULL_CONVERSION = YES;
				CLANG_WARN_OBJC_IMPLICIT_RETAIN_SELF = YES;
				CLANG_WARN_OBJC_LITERAL_CONVERSION = YES;
				CLANG_WARN_OBJC_ROOT_CLASS = YES_ERROR;
				CLANG_WARN_QUOTED_INCLUDE_IN_FRAMEWORK_HEADER = YES;
				CLANG_WARN_RANGE_LOOP_ANALYSIS = YES;
				CLANG_WARN_STRICT_PROTOTYPES = YES;
				CLANG_WARN_SUSPICIOUS_MOVE = YES;
				CLANG_WARN_UNGUARDED_AVAILABILITY = YES_AGGRESSIVE;
				CLANG_WARN_UNREACHABLE_CODE = YES;
				CLANG_WARN__DUPLICATE_METHOD_MATCH = YES;
				COPY_PHASE_STRIP = NO;
				DEBUG_INFORMATION_FORMAT = "dwarf-with-dsym";
				ENABLE_NS_ASSERTIONS = NO;
				ENABLE_STRICT_OBJC_MSGSEND = YES;
				ENABLE_USER_SCRIPT_SANDBOXING = YES;
				GCC_C_LANGUAGE_STANDARD = gnu17;
				GCC_NO_COMMON_BLOCKS = YES;
				GCC_WARN_64_TO_32_BIT_CONVERSION = YES;
				GCC_WARN_ABOUT_RETURN_TYPE = YES_ERROR;
				GCC_WARN_UNDECLARED_SELECTOR = YES;
				GCC_WARN_UNINITIALIZED_AUTOS = YES_AGGRESSIVE;
				GCC_WARN_UNUSED_FUNCTION = YES;
				GCC_WARN_UNUSED_VARIABLE = YES;
				IPHONEOS_DEPLOYMENT_TARGET = 17.4;
				LOCALIZATION_PREFERS_STRING_CATALOGS = YES;
				MTL_ENABLE_DEBUG_INFO = NO;
				MTL_FAST_MATH = YES;
				SDKROOT = iphoneos;
				SWIFT_COMPILATION_MODE = wholemodule;
				VALIDATE_PRODUCT = YES;
			};
			name = Release;
		};
		17FA8F132BE550B1008C7491 /* Debug */ = {
			isa = XCBuildConfiguration;
			buildSettings = {
				ASSETCATALOG_COMPILER_APPICON_NAME = AppIcon;
				ASSETCATALOG_COMPILER_GLOBAL_ACCENT_COLOR_NAME = AccentColor;
				CODE_SIGN_STYLE = Automatic;
				CURRENT_PROJECT_VERSION = 1;
				DEVELOPMENT_ASSET_PATHS = "\"Baran/Preview Content\"";
				DEVELOPMENT_TEAM = AQY5KU7ZSP;
				ENABLE_PREVIEWS = YES;
				GENERATE_INFOPLIST_FILE = YES;
				INFOPLIST_KEY_UIApplicationSceneManifest_Generation = YES;
				INFOPLIST_KEY_UIApplicationSupportsIndirectInputEvents = YES;
				INFOPLIST_KEY_UILaunchScreen_Generation = YES;
				INFOPLIST_KEY_UIStatusBarStyle = "";
				INFOPLIST_KEY_UISupportedInterfaceOrientations = UIInterfaceOrientationPortrait;
				INFOPLIST_KEY_UISupportedInterfaceOrientations_iPad = "UIInterfaceOrientationLandscapeLeft UIInterfaceOrientationLandscapeRight";
				LD_RUNPATH_SEARCH_PATHS = (
					"$(inherited)",
					"@executable_path/Frameworks",
				);
				MARKETING_VERSION = 1.0;
				PRODUCT_BUNDLE_IDENTIFIER = ryugel.Baran;
				PRODUCT_NAME = "$(TARGET_NAME)";
				SWIFT_EMIT_LOC_STRINGS = YES;
				SWIFT_VERSION = 5.0;
				TARGETED_DEVICE_FAMILY = "1,2";
			};
			name = Debug;
		};
		17FA8F142BE550B1008C7491 /* Release */ = {
			isa = XCBuildConfiguration;
			buildSettings = {
				ASSETCATALOG_COMPILER_APPICON_NAME = AppIcon;
				ASSETCATALOG_COMPILER_GLOBAL_ACCENT_COLOR_NAME = AccentColor;
				CODE_SIGN_STYLE = Automatic;
				CURRENT_PROJECT_VERSION = 1;
				DEVELOPMENT_ASSET_PATHS = "\"Baran/Preview Content\"";
				DEVELOPMENT_TEAM = AQY5KU7ZSP;
				ENABLE_PREVIEWS = YES;
				GENERATE_INFOPLIST_FILE = YES;
				INFOPLIST_KEY_UIApplicationSceneManifest_Generation = YES;
				INFOPLIST_KEY_UIApplicationSupportsIndirectInputEvents = YES;
				INFOPLIST_KEY_UILaunchScreen_Generation = YES;
				INFOPLIST_KEY_UIStatusBarStyle = "";
				INFOPLIST_KEY_UISupportedInterfaceOrientations = UIInterfaceOrientationPortrait;
				INFOPLIST_KEY_UISupportedInterfaceOrientations_iPad = "UIInterfaceOrientationLandscapeLeft UIInterfaceOrientationLandscapeRight";
				LD_RUNPATH_SEARCH_PATHS = (
					"$(inherited)",
					"@executable_path/Frameworks",
				);
				MARKETING_VERSION = 1.0;
				PRODUCT_BUNDLE_IDENTIFIER = ryugel.Baran;
				PRODUCT_NAME = "$(TARGET_NAME)";
				SWIFT_EMIT_LOC_STRINGS = YES;
				SWIFT_VERSION = 5.0;
				TARGETED_DEVICE_FAMILY = "1,2";
			};
			name = Release;
		};
		17FA8F162BE550B1008C7491 /* Debug */ = {
			isa = XCBuildConfiguration;
			buildSettings = {
				ALWAYS_EMBED_SWIFT_STANDARD_LIBRARIES = YES;
				BUNDLE_LOADER = "$(TEST_HOST)";
				CODE_SIGN_STYLE = Automatic;
				CURRENT_PROJECT_VERSION = 1;
				DEVELOPMENT_TEAM = AQY5KU7ZSP;
				GENERATE_INFOPLIST_FILE = YES;
				IPHONEOS_DEPLOYMENT_TARGET = 17.4;
				MARKETING_VERSION = 1.0;
				PRODUCT_BUNDLE_IDENTIFIER = ryugel.BaranTests;
				PRODUCT_NAME = "$(TARGET_NAME)";
				SWIFT_EMIT_LOC_STRINGS = NO;
				SWIFT_VERSION = 5.0;
				TARGETED_DEVICE_FAMILY = "1,2";
				TEST_HOST = "$(BUILT_PRODUCTS_DIR)/Baran.app/$(BUNDLE_EXECUTABLE_FOLDER_PATH)/Baran";
			};
			name = Debug;
		};
		17FA8F172BE550B1008C7491 /* Release */ = {
			isa = XCBuildConfiguration;
			buildSettings = {
				ALWAYS_EMBED_SWIFT_STANDARD_LIBRARIES = YES;
				BUNDLE_LOADER = "$(TEST_HOST)";
				CODE_SIGN_STYLE = Automatic;
				CURRENT_PROJECT_VERSION = 1;
				DEVELOPMENT_TEAM = AQY5KU7ZSP;
				GENERATE_INFOPLIST_FILE = YES;
				IPHONEOS_DEPLOYMENT_TARGET = 17.4;
				MARKETING_VERSION = 1.0;
				PRODUCT_BUNDLE_IDENTIFIER = ryugel.BaranTests;
				PRODUCT_NAME = "$(TARGET_NAME)";
				SWIFT_EMIT_LOC_STRINGS = NO;
				SWIFT_VERSION = 5.0;
				TARGETED_DEVICE_FAMILY = "1,2";
				TEST_HOST = "$(BUILT_PRODUCTS_DIR)/Baran.app/$(BUNDLE_EXECUTABLE_FOLDER_PATH)/Baran";
			};
			name = Release;
		};
		17FA8F192BE550B1008C7491 /* Debug */ = {
			isa = XCBuildConfiguration;
			buildSettings = {
				ALWAYS_EMBED_SWIFT_STANDARD_LIBRARIES = YES;
				CODE_SIGN_STYLE = Automatic;
				CURRENT_PROJECT_VERSION = 1;
				DEVELOPMENT_TEAM = AQY5KU7ZSP;
				GENERATE_INFOPLIST_FILE = YES;
				MARKETING_VERSION = 1.0;
				PRODUCT_BUNDLE_IDENTIFIER = ryugel.BaranUITests;
				PRODUCT_NAME = "$(TARGET_NAME)";
				SWIFT_EMIT_LOC_STRINGS = NO;
				SWIFT_VERSION = 5.0;
				TARGETED_DEVICE_FAMILY = "1,2";
				TEST_TARGET_NAME = Baran;
			};
			name = Debug;
		};
		17FA8F1A2BE550B1008C7491 /* Release */ = {
			isa = XCBuildConfiguration;
			buildSettings = {
				ALWAYS_EMBED_SWIFT_STANDARD_LIBRARIES = YES;
				CODE_SIGN_STYLE = Automatic;
				CURRENT_PROJECT_VERSION = 1;
				DEVELOPMENT_TEAM = AQY5KU7ZSP;
				GENERATE_INFOPLIST_FILE = YES;
				MARKETING_VERSION = 1.0;
				PRODUCT_BUNDLE_IDENTIFIER = ryugel.BaranUITests;
				PRODUCT_NAME = "$(TARGET_NAME)";
				SWIFT_EMIT_LOC_STRINGS = NO;
				SWIFT_VERSION = 5.0;
				TARGETED_DEVICE_FAMILY = "1,2";
				TEST_TARGET_NAME = Baran;
			};
			name = Release;
		};
/* End XCBuildConfiguration section */

/* Begin XCConfigurationList section */
		17FA8EE92BE550B0008C7491 /* Build configuration list for PBXProject "Baran" */ = {
			isa = XCConfigurationList;
			buildConfigurations = (
				17FA8F102BE550B1008C7491 /* Debug */,
				17FA8F112BE550B1008C7491 /* Release */,
			);
			defaultConfigurationIsVisible = 0;
			defaultConfigurationName = Release;
		};
		17FA8F122BE550B1008C7491 /* Build configuration list for PBXNativeTarget "Baran" */ = {
			isa = XCConfigurationList;
			buildConfigurations = (
				17FA8F132BE550B1008C7491 /* Debug */,
				17FA8F142BE550B1008C7491 /* Release */,
			);
			defaultConfigurationIsVisible = 0;
			defaultConfigurationName = Release;
		};
		17FA8F152BE550B1008C7491 /* Build configuration list for PBXNativeTarget "BaranTests" */ = {
			isa = XCConfigurationList;
			buildConfigurations = (
				17FA8F162BE550B1008C7491 /* Debug */,
				17FA8F172BE550B1008C7491 /* Release */,
			);
			defaultConfigurationIsVisible = 0;
			defaultConfigurationName = Release;
		};
		17FA8F182BE550B1008C7491 /* Build configuration list for PBXNativeTarget "BaranUITests" */ = {
			isa = XCConfigurationList;
			buildConfigurations = (
				17FA8F192BE550B1008C7491 /* Debug */,
				17FA8F1A2BE550B1008C7491 /* Release */,
			);
			defaultConfigurationIsVisible = 0;
			defaultConfigurationName = Release;
		};
/* End XCConfigurationList section */

/* Begin XCRemoteSwiftPackageReference section */
		172ADA792BE56BF000187C36 /* XCRemoteSwiftPackageReference "Nuke" */ = {
			isa = XCRemoteSwiftPackageReference;
			repositoryURL = "https://github.com/kean/Nuke";
			requirement = {
				kind = upToNextMajorVersion;
				minimumVersion = 12.6.0;
			};
		};
		1756B69A2BE567920043180A /* XCRemoteSwiftPackageReference "firebase-ios-sdk" */ = {
			isa = XCRemoteSwiftPackageReference;
			repositoryURL = "https://github.com/firebase/firebase-ios-sdk";
			requirement = {
				kind = upToNextMajorVersion;
				minimumVersion = 10.25.0;
			};
		};
/* End XCRemoteSwiftPackageReference section */

/* Begin XCSwiftPackageProductDependency section */
		172ADA7A2BE56BF000187C36 /* Nuke */ = {
			isa = XCSwiftPackageProductDependency;
			package = 172ADA792BE56BF000187C36 /* XCRemoteSwiftPackageReference "Nuke" */;
			productName = Nuke;
		};
		172ADA7C2BE56BF000187C36 /* NukeUI */ = {
			isa = XCSwiftPackageProductDependency;
			package = 172ADA792BE56BF000187C36 /* XCRemoteSwiftPackageReference "Nuke" */;
			productName = NukeUI;
		};
		1756B69B2BE567920043180A /* FirebaseAuth */ = {
			isa = XCSwiftPackageProductDependency;
			package = 1756B69A2BE567920043180A /* XCRemoteSwiftPackageReference "firebase-ios-sdk" */;
			productName = FirebaseAuth;
		};
		1756B69D2BE567920043180A /* FirebaseFirestore */ = {
			isa = XCSwiftPackageProductDependency;
			package = 1756B69A2BE567920043180A /* XCRemoteSwiftPackageReference "firebase-ios-sdk" */;
			productName = FirebaseFirestore;
		};
		1756B69F2BE567920043180A /* FirebaseFirestoreSwift */ = {
			isa = XCSwiftPackageProductDependency;
			package = 1756B69A2BE567920043180A /* XCRemoteSwiftPackageReference "firebase-ios-sdk" */;
			productName = FirebaseFirestoreSwift;
		};
		1756B6A12BE567920043180A /* FirebaseStorage */ = {
			isa = XCSwiftPackageProductDependency;
			package = 1756B69A2BE567920043180A /* XCRemoteSwiftPackageReference "firebase-ios-sdk" */;
			productName = FirebaseStorage;
		};
/* End XCSwiftPackageProductDependency section */
	};
	rootObject = 17FA8EE62BE550B0008C7491 /* Project object */;
}
